
Microsoft Visual Studio Solution File, Format Version 12.00
# Visual Studio Version 17
VisualStudioVersion = 17.1.32421.90
MinimumVisualStudioVersion = 10.0.40219.1
Project("{FAE04EC0-301F-11D3-BF4B-00C04F79EFBC}") = "SharpDXLab", "SharpDXLab\SharpDXLab.csproj", "{393537D4-C3D3-400F-ADE7-0D1FCAC9EFEC}"
EndProject
Project("{FAE04EC0-301F-11D3-BF4B-00C04F79EFBC}") = "SharpDXLab.Tests", "SharpDXLab.Tests\SharpDXLab.Tests.csproj", "{51241106-D9E8-411F-A603-DA44E667FEA7}"
EndProject
Global
	GlobalSection(SolutionConfigurationPlatforms) = preSolution
		Debug|Any CPU = Debug|Any CPU
		Release|Any CPU = Release|Any CPU
	EndGlobalSection
	GlobalSection(ProjectConfigurationPlatforms) = postSolution
		{393537D4-C3D3-400F-ADE7-0D1FCAC9EFEC}.Debug|Any CPU.ActiveCfg = Debug|Any CPU
		{393537D4-C3D3-400F-ADE7-0D1FCAC9EFEC}.Debug|Any CPU.Build.0 = Debug|Any CPU
		{393537D4-C3D3-400F-ADE7-0D1FCAC9EFEC}.Release|Any CPU.ActiveCfg = Release|Any CPU
		{393537D4-C3D3-400F-ADE7-0D1FCAC9EFEC}.Release|Any CPU.Build.0 = Release|Any CPU
		{51241106-D9E8-411F-A603-DA44E667FEA7}.Debug|Any CPU.ActiveCfg = Debug|Any CPU
		{51241106-D9E8-411F-A603-DA44E667FEA7}.Debug|Any CPU.Build.0 = Debug|Any CPU
		{51241106-D9E8-411F-A603-DA44E667FEA7}.Release|Any CPU.ActiveCfg = Release|Any CPU
		{51241106-D9E8-411F-A603-DA44E667FEA7}.Release|Any CPU.Build.0 = Release|Any CPU
	EndGlobalSection
	GlobalSection(SolutionProperties) = preSolution
		HideSolutionNode = FALSE
	EndGlobalSection
	GlobalSection(ExtensibilityGlobals) = postSolution
		SolutionGuid = {0AE32934-D050-41EF-BDB4-BCE0DDE5960A}
	EndGlobalSection
EndGlobal
