
Microsoft Visual Studio Solution File, Format Version 12.00
# Visual Studio 14
VisualStudioVersion = 14.0.24720.0
MinimumVisualStudioVersion = 10.0.40219.1
Project("{FAE04EC0-301F-11D3-BF4B-00C04F79EFBC}") = "SharpDXLab", "SharpDXLab\SharpDXLab.csproj", "{9FDA11A7-1980-459D-BB88-73F7A74FAB90}"
EndProject
Project("{FAE04EC0-301F-11D3-BF4B-00C04F79EFBC}") = "SharpDXLab.Tests", "SharpDXLab.Tests\SharpDXLab.Tests.csproj", "{754DC31B-36E1-4394-B4DB-D80230C1F583}"
EndProject
Global
	GlobalSection(SolutionConfigurationPlatforms) = preSolution
		Debug|Any CPU = Debug|Any CPU
		Release|Any CPU = Release|Any CPU
	EndGlobalSection
	GlobalSection(ProjectConfigurationPlatforms) = postSolution
		{9FDA11A7-1980-459D-BB88-73F7A74FAB90}.Debug|Any CPU.ActiveCfg = Debug|Any CPU
		{9FDA11A7-1980-459D-BB88-73F7A74FAB90}.Debug|Any CPU.Build.0 = Debug|Any CPU
		{9FDA11A7-1980-459D-BB88-73F7A74FAB90}.Release|Any CPU.ActiveCfg = Release|Any CPU
		{9FDA11A7-1980-459D-BB88-73F7A74FAB90}.Release|Any CPU.Build.0 = Release|Any CPU
		{754DC31B-36E1-4394-B4DB-D80230C1F583}.Debug|Any CPU.ActiveCfg = Debug|Any CPU
		{754DC31B-36E1-4394-B4DB-D80230C1F583}.Debug|Any CPU.Build.0 = Debug|Any CPU
		{754DC31B-36E1-4394-B4DB-D80230C1F583}.Release|Any CPU.ActiveCfg = Release|Any CPU
		{754DC31B-36E1-4394-B4DB-D80230C1F583}.Release|Any CPU.Build.0 = Release|Any CPU
	EndGlobalSection
	GlobalSection(SolutionProperties) = preSolution
		HideSolutionNode = FALSE
	EndGlobalSection
EndGlobal
